// !$*UTF8*$!
{
	archiveVersion = 1;
	classes = {
	};
	objectVersion = 46;
	objects = {

/* Begin PBXBuildFile section */
		551E1FEE17A11E7400517C99 /* UIKit.framework in Frameworks */ = {isa = PBXBuildFile; fileRef = 551E1FED17A11E7400517C99 /* UIKit.framework */; };
		551E1FF017A11E7400517C99 /* Foundation.framework in Frameworks */ = {isa = PBXBuildFile; fileRef = 551E1FEF17A11E7400517C99 /* Foundation.framework */; };
		551E1FF217A11E7400517C99 /* CoreGraphics.framework in Frameworks */ = {isa = PBXBuildFile; fileRef = 551E1FF117A11E7400517C99 /* CoreGraphics.framework */; };
		551E1FF817A11E7400517C99 /* InfoPlist.strings in Resources */ = {isa = PBXBuildFile; fileRef = 551E1FF617A11E7400517C99 /* InfoPlist.strings */; };
		551E1FFA17A11E7400517C99 /* main.m in Sources */ = {isa = PBXBuildFile; fileRef = 551E1FF917A11E7400517C99 /* main.m */; };
		551E1FFE17A11E7400517C99 /* AppDelegate.m in Sources */ = {isa = PBXBuildFile; fileRef = 551E1FFD17A11E7400517C99 /* AppDelegate.m */; };
		551E200017A11E7400517C99 /* Default.png in Resources */ = {isa = PBXBuildFile; fileRef = 551E1FFF17A11E7400517C99 /* Default.png */; };
		551E200217A11E7400517C99 /* Default@2x.png in Resources */ = {isa = PBXBuildFile; fileRef = 551E200117A11E7400517C99 /* Default@2x.png */; };
		551E200417A11E7400517C99 /* Default-568h@2x.png in Resources */ = {isa = PBXBuildFile; fileRef = 551E200317A11E7400517C99 /* Default-568h@2x.png */; };
		551E200717A11E7400517C99 /* MainStoryboard_iPhone.storyboard in Resources */ = {isa = PBXBuildFile; fileRef = 551E200517A11E7400517C99 /* MainStoryboard_iPhone.storyboard */; };
		551E200A17A11E7400517C99 /* MainStoryboard_iPad.storyboard in Resources */ = {isa = PBXBuildFile; fileRef = 551E200817A11E7400517C99 /* MainStoryboard_iPad.storyboard */; };
		551E204B17A1326200517C99 /* FoursquareLoginViewController.m in Sources */ = {isa = PBXBuildFile; fileRef = 551E204A17A1326200517C99 /* FoursquareLoginViewController.m */; };
		551E205517A13E5000517C99 /* ProfileWebServiceWorker.m in Sources */ = {isa = PBXBuildFile; fileRef = 551E205417A13E5000517C99 /* ProfileWebServiceWorker.m */; };
		551E205817A13E6500517C99 /* ProfileWebService.m in Sources */ = {isa = PBXBuildFile; fileRef = 551E205717A13E6500517C99 /* ProfileWebService.m */; };
		551E205C17A13E9F00517C99 /* Icon.png in Resources */ = {isa = PBXBuildFile; fileRef = 551E205A17A13E9F00517C99 /* Icon.png */; };
		551E205D17A13E9F00517C99 /* Icon@2x.png in Resources */ = {isa = PBXBuildFile; fileRef = 551E205B17A13E9F00517C99 /* Icon@2x.png */; };
		551E206017A140C300517C99 /* ProfileViewController.m in Sources */ = {isa = PBXBuildFile; fileRef = 551E205F17A140C300517C99 /* ProfileViewController.m */; };
		551E206417A174B600517C99 /* MapViewController.m in Sources */ = {isa = PBXBuildFile; fileRef = 551E206317A174B600517C99 /* MapViewController.m */; };
		551E206617A1764D00517C99 /* MapKit.framework in Frameworks */ = {isa = PBXBuildFile; fileRef = 551E206517A1764D00517C99 /* MapKit.framework */; };
		551E206B17A17A1900517C99 /* VenuesWebServiceWorker.m in Sources */ = {isa = PBXBuildFile; fileRef = 551E206A17A17A1900517C99 /* VenuesWebServiceWorker.m */; };
		551E206E17A17A2C00517C99 /* VenuesWebService.m in Sources */ = {isa = PBXBuildFile; fileRef = 551E206D17A17A2C00517C99 /* VenuesWebService.m */; };
		551E207117A181DA00517C99 /* MapAnnotation.m in Sources */ = {isa = PBXBuildFile; fileRef = 551E207017A181D900517C99 /* MapAnnotation.m */; };
		5544E22B17A276C6002C28DB /* CheckInWebServiceWorker.m in Sources */ = {isa = PBXBuildFile; fileRef = 5544E22A17A276C6002C28DB /* CheckInWebServiceWorker.m */; };
		5544E22E17A276D5002C28DB /* CheckInWebService.m in Sources */ = {isa = PBXBuildFile; fileRef = 5544E22D17A276D5002C28DB /* CheckInWebService.m */; };
/* End PBXBuildFile section */

/* Begin PBXFileReference section */
		550B29EF17A66A5A007FEBBF /* ProfileViewControllerConstants.h */ = {isa = PBXFileReference; fileEncoding = 4; lastKnownFileType = sourcecode.c.h; path = ProfileViewControllerConstants.h; sourceTree = "<group>"; };
		551E1FEA17A11E7400517C99 /* i4Square.app */ = {isa = PBXFileReference; explicitFileType = wrapper.application; includeInIndex = 0; path = i4Square.app; sourceTree = BUILT_PRODUCTS_DIR; };
		551E1FED17A11E7400517C99 /* UIKit.framework */ = {isa = PBXFileReference; lastKnownFileType = wrapper.framework; name = UIKit.framework; path = System/Library/Frameworks/UIKit.framework; sourceTree = SDKROOT; };
		551E1FEF17A11E7400517C99 /* Foundation.framework */ = {isa = PBXFileReference; lastKnownFileType = wrapper.framework; name = Foundation.framework; path = System/Library/Frameworks/Foundation.framework; sourceTree = SDKROOT; };
		551E1FF117A11E7400517C99 /* CoreGraphics.framework */ = {isa = PBXFileReference; lastKnownFileType = wrapper.framework; name = CoreGraphics.framework; path = System/Library/Frameworks/CoreGraphics.framework; sourceTree = SDKROOT; };
		551E1FF517A11E7400517C99 /* i4Square-Info.plist */ = {isa = PBXFileReference; lastKnownFileType = text.plist.xml; path = "i4Square-Info.plist"; sourceTree = "<group>"; };
		551E1FF717A11E7400517C99 /* en */ = {isa = PBXFileReference; lastKnownFileType = text.plist.strings; name = en; path = en.lproj/InfoPlist.strings; sourceTree = "<group>"; };
		551E1FF917A11E7400517C99 /* main.m */ = {isa = PBXFileReference; lastKnownFileType = sourcecode.c.objc; path = main.m; sourceTree = "<group>"; };
		551E1FFB17A11E7400517C99 /* i4Square-Prefix.pch */ = {isa = PBXFileReference; lastKnownFileType = sourcecode.c.h; path = "i4Square-Prefix.pch"; sourceTree = "<group>"; };
		551E1FFC17A11E7400517C99 /* AppDelegate.h */ = {isa = PBXFileReference; lastKnownFileType = sourcecode.c.h; path = AppDelegate.h; sourceTree = "<group>"; };
		551E1FFD17A11E7400517C99 /* AppDelegate.m */ = {isa = PBXFileReference; lastKnownFileType = sourcecode.c.objc; path = AppDelegate.m; sourceTree = "<group>"; };
		551E1FFF17A11E7400517C99 /* Default.png */ = {isa = PBXFileReference; lastKnownFileType = image.png; path = Default.png; sourceTree = "<group>"; };
		551E200117A11E7400517C99 /* Default@2x.png */ = {isa = PBXFileReference; lastKnownFileType = image.png; path = "Default@2x.png"; sourceTree = "<group>"; };
		551E200317A11E7400517C99 /* Default-568h@2x.png */ = {isa = PBXFileReference; lastKnownFileType = image.png; path = "Default-568h@2x.png"; sourceTree = "<group>"; };
		551E200617A11E7400517C99 /* en */ = {isa = PBXFileReference; lastKnownFileType = file.storyboard; name = en; path = en.lproj/MainStoryboard_iPhone.storyboard; sourceTree = "<group>"; };
		551E200917A11E7400517C99 /* en */ = {isa = PBXFileReference; lastKnownFileType = file.storyboard; name = en; path = en.lproj/MainStoryboard_iPad.storyboard; sourceTree = "<group>"; };
		551E201317A1204A00517C99 /* FoursquareLoginViewConstants.h */ = {isa = PBXFileReference; fileEncoding = 4; lastKnownFileType = sourcecode.c.h; path = FoursquareLoginViewConstants.h; sourceTree = "<group>"; };
		551E204917A1326200517C99 /* FoursquareLoginViewController.h */ = {isa = PBXFileReference; fileEncoding = 4; lastKnownFileType = sourcecode.c.h; path = FoursquareLoginViewController.h; sourceTree = "<group>"; };
		551E204A17A1326200517C99 /* FoursquareLoginViewController.m */ = {isa = PBXFileReference; fileEncoding = 4; lastKnownFileType = sourcecode.c.objc; path = FoursquareLoginViewController.m; sourceTree = "<group>"; usesTabs = 0; };
		551E205317A13E5000517C99 /* ProfileWebServiceWorker.h */ = {isa = PBXFileReference; fileEncoding = 4; lastKnownFileType = sourcecode.c.h; path = ProfileWebServiceWorker.h; sourceTree = "<group>"; };
		551E205417A13E5000517C99 /* ProfileWebServiceWorker.m */ = {isa = PBXFileReference; fileEncoding = 4; lastKnownFileType = sourcecode.c.objc; path = ProfileWebServiceWorker.m; sourceTree = "<group>"; };
		551E205617A13E6500517C99 /* ProfileWebService.h */ = {isa = PBXFileReference; fileEncoding = 4; lastKnownFileType = sourcecode.c.h; path = ProfileWebService.h; sourceTree = "<group>"; };
		551E205717A13E6500517C99 /* ProfileWebService.m */ = {isa = PBXFileReference; fileEncoding = 4; lastKnownFileType = sourcecode.c.objc; path = ProfileWebService.m; sourceTree = "<group>"; };
		551E205917A13E7A00517C99 /* ProfileWebServiceConstants.h */ = {isa = PBXFileReference; fileEncoding = 4; lastKnownFileType = sourcecode.c.h; path = ProfileWebServiceConstants.h; sourceTree = "<group>"; };
		551E205A17A13E9F00517C99 /* Icon.png */ = {isa = PBXFileReference; lastKnownFileType = image.png; path = Icon.png; sourceTree = "<group>"; };
		551E205B17A13E9F00517C99 /* Icon@2x.png */ = {isa = PBXFileReference; lastKnownFileType = image.png; path = "Icon@2x.png"; sourceTree = "<group>"; };
		551E205E17A140C300517C99 /* ProfileViewController.h */ = {isa = PBXFileReference; fileEncoding = 4; lastKnownFileType = sourcecode.c.h; path = ProfileViewController.h; sourceTree = "<group>"; };
		551E205F17A140C300517C99 /* ProfileViewController.m */ = {isa = PBXFileReference; fileEncoding = 4; lastKnownFileType = sourcecode.c.objc; path = ProfileViewController.m; sourceTree = "<group>"; };
		551E206217A174B500517C99 /* MapViewController.h */ = {isa = PBXFileReference; fileEncoding = 4; lastKnownFileType = sourcecode.c.h; path = MapViewController.h; sourceTree = "<group>"; };
		551E206317A174B600517C99 /* MapViewController.m */ = {isa = PBXFileReference; fileEncoding = 4; lastKnownFileType = sourcecode.c.objc; path = MapViewController.m; sourceTree = "<group>"; };
		551E206517A1764D00517C99 /* MapKit.framework */ = {isa = PBXFileReference; lastKnownFileType = wrapper.framework; name = MapKit.framework; path = System/Library/Frameworks/MapKit.framework; sourceTree = SDKROOT; };
		551E206817A179C500517C99 /* VenuesWebServiceConstants.h */ = {isa = PBXFileReference; fileEncoding = 4; lastKnownFileType = sourcecode.c.h; path = VenuesWebServiceConstants.h; sourceTree = "<group>"; };
		551E206917A17A1900517C99 /* VenuesWebServiceWorker.h */ = {isa = PBXFileReference; fileEncoding = 4; lastKnownFileType = sourcecode.c.h; path = VenuesWebServiceWorker.h; sourceTree = "<group>"; };
		551E206A17A17A1900517C99 /* VenuesWebServiceWorker.m */ = {isa = PBXFileReference; fileEncoding = 4; lastKnownFileType = sourcecode.c.objc; path = VenuesWebServiceWorker.m; sourceTree = "<group>"; };
		551E206C17A17A2C00517C99 /* VenuesWebService.h */ = {isa = PBXFileReference; fileEncoding = 4; lastKnownFileType = sourcecode.c.h; path = VenuesWebService.h; sourceTree = "<group>"; };
		551E206D17A17A2C00517C99 /* VenuesWebService.m */ = {isa = PBXFileReference; fileEncoding = 4; lastKnownFileType = sourcecode.c.objc; path = VenuesWebService.m; sourceTree = "<group>"; };
		551E206F17A181D800517C99 /* MapAnnotation.h */ = {isa = PBXFileReference; fileEncoding = 4; lastKnownFileType = sourcecode.c.h; path = MapAnnotation.h; sourceTree = "<group>"; };
		551E207017A181D900517C99 /* MapAnnotation.m */ = {isa = PBXFileReference; fileEncoding = 4; lastKnownFileType = sourcecode.c.objc; path = MapAnnotation.m; sourceTree = "<group>"; };
		551E20A417A18CEB00517C99 /* MapViewControllerConstants.h */ = {isa = PBXFileReference; fileEncoding = 4; lastKnownFileType = sourcecode.c.h; path = MapViewControllerConstants.h; sourceTree = "<group>"; };
		5544E22717A275CC002C28DB /* CheckInWebServiceConstants.h */ = {isa = PBXFileReference; fileEncoding = 4; lastKnownFileType = sourcecode.c.h; path = CheckInWebServiceConstants.h; sourceTree = "<group>"; };
		5544E22917A276C6002C28DB /* CheckInWebServiceWorker.h */ = {isa = PBXFileReference; fileEncoding = 4; lastKnownFileType = sourcecode.c.h; path = CheckInWebServiceWorker.h; sourceTree = "<group>"; };
		5544E22A17A276C6002C28DB /* CheckInWebServiceWorker.m */ = {isa = PBXFileReference; fileEncoding = 4; lastKnownFileType = sourcecode.c.objc; path = CheckInWebServiceWorker.m; sourceTree = "<group>"; };
		5544E22C17A276D5002C28DB /* CheckInWebService.h */ = {isa = PBXFileReference; fileEncoding = 4; lastKnownFileType = sourcecode.c.h; path = CheckInWebService.h; sourceTree = "<group>"; };
		5544E22D17A276D5002C28DB /* CheckInWebService.m */ = {isa = PBXFileReference; fileEncoding = 4; lastKnownFileType = sourcecode.c.objc; path = CheckInWebService.m; sourceTree = "<group>"; };
/* End PBXFileReference section */

/* Begin PBXFrameworksBuildPhase section */
		551E1FE717A11E7400517C99 /* Frameworks */ = {
			isa = PBXFrameworksBuildPhase;
			buildActionMask = 2147483647;
			files = (
				551E206617A1764D00517C99 /* MapKit.framework in Frameworks */,
				551E1FEE17A11E7400517C99 /* UIKit.framework in Frameworks */,
				551E1FF017A11E7400517C99 /* Foundation.framework in Frameworks */,
				551E1FF217A11E7400517C99 /* CoreGraphics.framework in Frameworks */,
			);
			runOnlyForDeploymentPostprocessing = 0;
		};
/* End PBXFrameworksBuildPhase section */

/* Begin PBXGroup section */
		551E1FE117A11E7400517C99 = {
			isa = PBXGroup;
			children = (
				551E1FF317A11E7400517C99 /* i4Square */,
				551E1FEC17A11E7400517C99 /* Frameworks */,
				551E1FEB17A11E7400517C99 /* Products */,
			);
			sourceTree = "<group>";
		};
		551E1FEB17A11E7400517C99 /* Products */ = {
			isa = PBXGroup;
			children = (
				551E1FEA17A11E7400517C99 /* i4Square.app */,
			);
			name = Products;
			sourceTree = "<group>";
		};
		551E1FEC17A11E7400517C99 /* Frameworks */ = {
			isa = PBXGroup;
			children = (
				551E206517A1764D00517C99 /* MapKit.framework */,
				551E1FED17A11E7400517C99 /* UIKit.framework */,
				551E1FEF17A11E7400517C99 /* Foundation.framework */,
				551E1FF117A11E7400517C99 /* CoreGraphics.framework */,
			);
			name = Frameworks;
			sourceTree = "<group>";
		};
		551E1FF317A11E7400517C99 /* i4Square */ = {
			isa = PBXGroup;
			children = (
				551E205A17A13E9F00517C99 /* Icon.png */,
				551E205B17A13E9F00517C99 /* Icon@2x.png */,
				551E1FFC17A11E7400517C99 /* AppDelegate.h */,
				551E1FFD17A11E7400517C99 /* AppDelegate.m */,
				551E200517A11E7400517C99 /* MainStoryboard_iPhone.storyboard */,
				551E200817A11E7400517C99 /* MainStoryboard_iPad.storyboard */,
				551E201317A1204A00517C99 /* FoursquareLoginViewConstants.h */,
				551E204917A1326200517C99 /* FoursquareLoginViewController.h */,
				551E204A17A1326200517C99 /* FoursquareLoginViewController.m */,
				550B29EF17A66A5A007FEBBF /* ProfileViewControllerConstants.h */,
				551E205E17A140C300517C99 /* ProfileViewController.h */,
				551E205F17A140C300517C99 /* ProfileViewController.m */,
				551E20A417A18CEB00517C99 /* MapViewControllerConstants.h */,
				551E206217A174B500517C99 /* MapViewController.h */,
				551E206317A174B600517C99 /* MapViewController.m */,
				5544E22817A2769F002C28DB /* CheckInWebService */,
				551E206717A1799A00517C99 /* VenuesWebService */,
				551E206117A1747800517C99 /* ProfileWebService */,
				5544E22617A274F9002C28DB /* Map Annotation */,
				551E1FF417A11E7400517C99 /* Supporting Files */,
			);
			path = i4Square;
			sourceTree = "<group>";
		};
		551E1FF417A11E7400517C99 /* Supporting Files */ = {
			isa = PBXGroup;
			children = (
				551E1FF517A11E7400517C99 /* i4Square-Info.plist */,
				551E1FF617A11E7400517C99 /* InfoPlist.strings */,
				551E1FF917A11E7400517C99 /* main.m */,
				551E1FFB17A11E7400517C99 /* i4Square-Prefix.pch */,
				551E1FFF17A11E7400517C99 /* Default.png */,
				551E200117A11E7400517C99 /* Default@2x.png */,
				551E200317A11E7400517C99 /* Default-568h@2x.png */,
			);
			name = "Supporting Files";
			sourceTree = "<group>";
		};
		551E206117A1747800517C99 /* ProfileWebService */ = {
			isa = PBXGroup;
			children = (
				551E205917A13E7A00517C99 /* ProfileWebServiceConstants.h */,
				551E205617A13E6500517C99 /* ProfileWebService.h */,
				551E205717A13E6500517C99 /* ProfileWebService.m */,
				551E205317A13E5000517C99 /* ProfileWebServiceWorker.h */,
				551E205417A13E5000517C99 /* ProfileWebServiceWorker.m */,
			);
			name = ProfileWebService;
			sourceTree = "<group>";
		};
		551E206717A1799A00517C99 /* VenuesWebService */ = {
			isa = PBXGroup;
			children = (
				551E206817A179C500517C99 /* VenuesWebServiceConstants.h */,
				551E206C17A17A2C00517C99 /* VenuesWebService.h */,
				551E206D17A17A2C00517C99 /* VenuesWebService.m */,
				551E206917A17A1900517C99 /* VenuesWebServiceWorker.h */,
				551E206A17A17A1900517C99 /* VenuesWebServiceWorker.m */,
			);
			name = VenuesWebService;
			sourceTree = "<group>";
		};
		5544E22617A274F9002C28DB /* Map Annotation */ = {
			isa = PBXGroup;
			children = (
				551E206F17A181D800517C99 /* MapAnnotation.h */,
				551E207017A181D900517C99 /* MapAnnotation.m */,
			);
			name = "Map Annotation";
			sourceTree = "<group>";
		};
		5544E22817A2769F002C28DB /* CheckInWebService */ = {
			isa = PBXGroup;
			children = (
				5544E22717A275CC002C28DB /* CheckInWebServiceConstants.h */,
				5544E22C17A276D5002C28DB /* CheckInWebService.h */,
				5544E22D17A276D5002C28DB /* CheckInWebService.m */,
				5544E22917A276C6002C28DB /* CheckInWebServiceWorker.h */,
				5544E22A17A276C6002C28DB /* CheckInWebServiceWorker.m */,
			);
			name = CheckInWebService;
			sourceTree = "<group>";
		};
/* End PBXGroup section */

/* Begin PBXNativeTarget section */
		551E1FE917A11E7400517C99 /* i4Square */ = {
			isa = PBXNativeTarget;
			buildConfigurationList = 551E201017A11E7400517C99 /* Build configuration list for PBXNativeTarget "i4Square" */;
			buildPhases = (
				551E1FE617A11E7400517C99 /* Sources */,
				551E1FE717A11E7400517C99 /* Frameworks */,
				551E1FE817A11E7400517C99 /* Resources */,
			);
			buildRules = (
			);
			dependencies = (
			);
			name = i4Square;
			productName = i4Square;
			productReference = 551E1FEA17A11E7400517C99 /* i4Square.app */;
			productType = "com.apple.product-type.application";
		};
/* End PBXNativeTarget section */

/* Begin PBXProject section */
		551E1FE217A11E7400517C99 /* Project object */ = {
			isa = PBXProject;
			attributes = {
				LastUpgradeCheck = 0460;
				ORGANIZATIONNAME = MentorMate;
			};
			buildConfigurationList = 551E1FE517A11E7400517C99 /* Build configuration list for PBXProject "i4Square" */;
			compatibilityVersion = "Xcode 3.2";
			developmentRegion = English;
			hasScannedForEncodings = 0;
			knownRegions = (
				en,
			);
			mainGroup = 551E1FE117A11E7400517C99;
			productRefGroup = 551E1FEB17A11E7400517C99 /* Products */;
			projectDirPath = "";
			projectRoot = "";
			targets = (
				551E1FE917A11E7400517C99 /* i4Square */,
			);
		};
/* End PBXProject section */

/* Begin PBXResourcesBuildPhase section */
		551E1FE817A11E7400517C99 /* Resources */ = {
			isa = PBXResourcesBuildPhase;
			buildActionMask = 2147483647;
			files = (
				551E1FF817A11E7400517C99 /* InfoPlist.strings in Resources */,
				551E200017A11E7400517C99 /* Default.png in Resources */,
				551E200217A11E7400517C99 /* Default@2x.png in Resources */,
				551E200417A11E7400517C99 /* Default-568h@2x.png in Resources */,
				551E200717A11E7400517C99 /* MainStoryboard_iPhone.storyboard in Resources */,
				551E200A17A11E7400517C99 /* MainStoryboard_iPad.storyboard in Resources */,
				551E205C17A13E9F00517C99 /* Icon.png in Resources */,
				551E205D17A13E9F00517C99 /* Icon@2x.png in Resources */,
			);
			runOnlyForDeploymentPostprocessing = 0;
		};
/* End PBXResourcesBuildPhase section */

/* Begin PBXSourcesBuildPhase section */
		551E1FE617A11E7400517C99 /* Sources */ = {
			isa = PBXSourcesBuildPhase;
			buildActionMask = 2147483647;
			files = (
				551E1FFA17A11E7400517C99 /* main.m in Sources */,
				551E1FFE17A11E7400517C99 /* AppDelegate.m in Sources */,
				551E204B17A1326200517C99 /* FoursquareLoginViewController.m in Sources */,
				551E205517A13E5000517C99 /* ProfileWebServiceWorker.m in Sources */,
				551E205817A13E6500517C99 /* ProfileWebService.m in Sources */,
				551E206017A140C300517C99 /* ProfileViewController.m in Sources */,
				551E206417A174B600517C99 /* MapViewController.m in Sources */,
				551E206B17A17A1900517C99 /* VenuesWebServiceWorker.m in Sources */,
				551E206E17A17A2C00517C99 /* VenuesWebService.m in Sources */,
				551E207117A181DA00517C99 /* MapAnnotation.m in Sources */,
				5544E22B17A276C6002C28DB /* CheckInWebServiceWorker.m in Sources */,
				5544E22E17A276D5002C28DB /* CheckInWebService.m in Sources */,
			);
			runOnlyForDeploymentPostprocessing = 0;
		};
/* End PBXSourcesBuildPhase section */

/* Begin PBXVariantGroup section */
		551E1FF617A11E7400517C99 /* InfoPlist.strings */ = {
			isa = PBXVariantGroup;
			children = (
				551E1FF717A11E7400517C99 /* en */,
			);
			name = InfoPlist.strings;
			sourceTree = "<group>";
		};
		551E200517A11E7400517C99 /* MainStoryboard_iPhone.storyboard */ = {
			isa = PBXVariantGroup;
			children = (
				551E200617A11E7400517C99 /* en */,
			);
			name = MainStoryboard_iPhone.storyboard;
			sourceTree = "<group>";
		};
		551E200817A11E7400517C99 /* MainStoryboard_iPad.storyboard */ = {
			isa = PBXVariantGroup;
			children = (
				551E200917A11E7400517C99 /* en */,
			);
			name = MainStoryboard_iPad.storyboard;
			sourceTree = "<group>";
		};
/* End PBXVariantGroup section */

/* Begin XCBuildConfiguration section */
		551E200E17A11E7400517C99 /* Debug */ = {
			isa = XCBuildConfiguration;
			buildSettings = {
				ALWAYS_SEARCH_USER_PATHS = NO;
				CLANG_CXX_LANGUAGE_STANDARD = "gnu++0x";
				CLANG_CXX_LIBRARY = "libc++";
				CLANG_ENABLE_OBJC_ARC = YES;
				CLANG_WARN_CONSTANT_CONVERSION = YES;
				CLANG_WARN_EMPTY_BODY = YES;
				CLANG_WARN_ENUM_CONVERSION = YES;
				CLANG_WARN_INT_CONVERSION = YES;
				CLANG_WARN__DUPLICATE_METHOD_MATCH = YES;
				"CODE_SIGN_IDENTITY[sdk=iphoneos*]" = "iPhone Developer";
				COPY_PHASE_STRIP = NO;
				GCC_C_LANGUAGE_STANDARD = gnu99;
				GCC_DYNAMIC_NO_PIC = NO;
				GCC_OPTIMIZATION_LEVEL = 0;
				GCC_PREPROCESSOR_DEFINITIONS = (
					"DEBUG=1",
					"$(inherited)",
				);
				GCC_SYMBOLS_PRIVATE_EXTERN = NO;
				GCC_WARN_ABOUT_RETURN_TYPE = YES;
				GCC_WARN_UNINITIALIZED_AUTOS = YES;
				GCC_WARN_UNUSED_VARIABLE = YES;
				IPHONEOS_DEPLOYMENT_TARGET = 6.1;
				ONLY_ACTIVE_ARCH = YES;
				SDKROOT = iphoneos;
				TARGETED_DEVICE_FAMILY = "1,2";
			};
			name = Debug;
		};
		551E200F17A11E7400517C99 /* Release */ = {
			isa = XCBuildConfiguration;
			buildSettings = {
				ALWAYS_SEARCH_USER_PATHS = NO;
				CLANG_CXX_LANGUAGE_STANDARD = "gnu++0x";
				CLANG_CXX_LIBRARY = "libc++";
				CLANG_ENABLE_OBJC_ARC = YES;
				CLANG_WARN_CONSTANT_CONVERSION = YES;
				CLANG_WARN_EMPTY_BODY = YES;
				CLANG_WARN_ENUM_CONVERSION = YES;
				CLANG_WARN_INT_CONVERSION = YES;
				CLANG_WARN__DUPLICATE_METHOD_MATCH = YES;
				"CODE_SIGN_IDENTITY[sdk=iphoneos*]" = "iPhone Developer";
				COPY_PHASE_STRIP = YES;
				GCC_C_LANGUAGE_STANDARD = gnu99;
				GCC_WARN_ABOUT_RETURN_TYPE = YES;
				GCC_WARN_UNINITIALIZED_AUTOS = YES;
				GCC_WARN_UNUSED_VARIABLE = YES;
				IPHONEOS_DEPLOYMENT_TARGET = 6.1;
				OTHER_CFLAGS = "-DNS_BLOCK_ASSERTIONS=1";
				SDKROOT = iphoneos;
				TARGETED_DEVICE_FAMILY = "1,2";
				VALIDATE_PRODUCT = YES;
			};
			name = Release;
		};
		551E201117A11E7400517C99 /* Debug */ = {
			isa = XCBuildConfiguration;
			buildSettings = {
				GCC_PRECOMPILE_PREFIX_HEADER = YES;
				GCC_PREFIX_HEADER = "i4Square/i4Square-Prefix.pch";
				INFOPLIST_FILE = "i4Square/i4Square-Info.plist";
				PRODUCT_NAME = "$(TARGET_NAME)";
				WRAPPER_EXTENSION = app;
			};
			name = Debug;
		};
		551E201217A11E7400517C99 /* Release */ = {
			isa = XCBuildConfiguration;
			buildSettings = {
				GCC_PRECOMPILE_PREFIX_HEADER = YES;
				GCC_PREFIX_HEADER = "i4Square/i4Square-Prefix.pch";
				INFOPLIST_FILE = "i4Square/i4Square-Info.plist";
				PRODUCT_NAME = "$(TARGET_NAME)";
				WRAPPER_EXTENSION = app;
			};
			name = Release;
		};
/* End XCBuildConfiguration section */

/* Begin XCConfigurationList section */
		551E1FE517A11E7400517C99 /* Build configuration list for PBXProject "i4Square" */ = {
			isa = XCConfigurationList;
			buildConfigurations = (
				551E200E17A11E7400517C99 /* Debug */,
				551E200F17A11E7400517C99 /* Release */,
			);
			defaultConfigurationIsVisible = 0;
			defaultConfigurationName = Release;
		};
		551E201017A11E7400517C99 /* Build configuration list for PBXNativeTarget "i4Square" */ = {
			isa = XCConfigurationList;
			buildConfigurations = (
				551E201117A11E7400517C99 /* Debug */,
				551E201217A11E7400517C99 /* Release */,
			);
			defaultConfigurationIsVisible = 0;
			defaultConfigurationName = Release;
		};
/* End XCConfigurationList section */
	};
	rootObject = 551E1FE217A11E7400517C99 /* Project object */;
}
